Microsoft Visual Studio Solution File, Format Version 12.00
# Visual Studio Version 17
VisualStudioVersion = 17.5.2.0
MinimumVisualStudioVersion = 10.0.40219.1
Project("{FAE04EC0-301F-11D3-BF4B-00C04F79EFBC}") = "PAccountant", "PAccountant.csproj", "{718BFB6C-04A3-AF17-BA63-191351F210D5}"
EndProject
Global
	GlobalSection(SolutionConfigurationPlatforms) = preSolution
		Debug|Any CPU = Debug|Any CPU
		Release|Any CPU = Release|Any CPU
	EndGlobalSection
	GlobalSection(ProjectConfigurationPlatforms) = postSolution
		{718BFB6C-04A3-AF17-BA63-191351F210D5}.Debug|Any CPU.ActiveCfg = Debug|Any CPU
		{718BFB6C-04A3-AF17-BA63-191351F210D5}.Debug|Any CPU.Build.0 = Debug|Any CPU
		{718BFB6C-04A3-AF17-BA63-191351F210D5}.Release|Any CPU.ActiveCfg = Release|Any CPU
		{718BFB6C-04A3-AF17-BA63-191351F210D5}.Release|Any CPU.Build.0 = Release|Any CPU
	EndGlobalSection
	GlobalSection(SolutionProperties) = preSolution
		HideSolutionNode = FALSE
	EndGlobalSection
	GlobalSection(ExtensibilityGlobals) = postSolution
		SolutionGuid = {AFAE12ED-99F6-47DA-8E55-BBD74E14990E}
	EndGlobalSection
EndGlobal
